
Microsoft Visual Studio Solution File, Format Version 12.00
# Visual Studio 15
VisualStudioVersion = 15.0.28010.2048
MinimumVisualStudioVersion = 10.0.40219.1
Project("{FAE04EC0-301F-11D3-BF4B-00C04F79EFBC}") = "Ecuacion", "Ecuacion\Ecuacion.csproj", "{A813650D-4919-4F5C-ACE9-A53BADFE74AF}"
EndProject
Global
	GlobalSection(SolutionConfigurationPlatforms) = preSolution
		Debug|Any CPU = Debug|Any CPU
		Release|Any CPU = Release|Any CPU
	EndGlobalSection
	GlobalSection(ProjectConfigurationPlatforms) = postSolution
		{A813650D-4919-4F5C-ACE9-A53BADFE74AF}.Debug|Any CPU.ActiveCfg = Debug|Any CPU
		{A813650D-4919-4F5C-ACE9-A53BADFE74AF}.Debug|Any CPU.Build.0 = Debug|Any CPU
		{A813650D-4919-4F5C-ACE9-A53BADFE74AF}.Release|Any CPU.ActiveCfg = Release|Any CPU
		{A813650D-4919-4F5C-ACE9-A53BADFE74AF}.Release|Any CPU.Build.0 = Release|Any CPU
	EndGlobalSection
	GlobalSection(SolutionProperties) = preSolution
		HideSolutionNode = FALSE
	EndGlobalSection
	GlobalSection(ExtensibilityGlobals) = postSolution
		SolutionGuid = {7F381020-811D-4DD3-9687-6E74E41238CE}
	EndGlobalSection
EndGlobal
